// !$*UTF8*$!
{
	archiveVersion = 1;
	classes = {
	};
	objectVersion = 50;
	objects = {

/* Begin PBXBuildFile section */
		4E1C274D23FAF64300B3425E /* AppDelegate.swift in Sources */ = {isa = PBXBuildFile; fileRef = 4E1C274C23FAF64300B3425E /* AppDelegate.swift */; };
		4E1C274F23FAF64300B3425E /* SceneDelegate.swift in Sources */ = {isa = PBXBuildFile; fileRef = 4E1C274E23FAF64300B3425E /* SceneDelegate.swift */; };
		4E1C275123FAF64300B3425E /* RootViewController.swift in Sources */ = {isa = PBXBuildFile; fileRef = 4E1C275023FAF64300B3425E /* RootViewController.swift */; };
		4E1C275623FAF64500B3425E /* Assets.xcassets in Resources */ = {isa = PBXBuildFile; fileRef = 4E1C275523FAF64500B3425E /* Assets.xcassets */; };
		4E1C275923FAF64500B3425E /* LaunchScreen.storyboard in Resources */ = {isa = PBXBuildFile; fileRef = 4E1C275723FAF64500B3425E /* LaunchScreen.storyboard */; };
		4E1C276123FB02A200B3425E /* UIViewController+Embeding.swift in Sources */ = {isa = PBXBuildFile; fileRef = 4E1C276023FB02A200B3425E /* UIViewController+Embeding.swift */; };
		4E1C276323FB02C500B3425E /* PageController.swift in Sources */ = {isa = PBXBuildFile; fileRef = 4E1C276223FB02C500B3425E /* PageController.swift */; };
/* End PBXBuildFile section */

/* Begin PBXFileReference section */
		4E1C274923FAF64300B3425E /* PageViewControllerBug.app */ = {isa = PBXFileReference; explicitFileType = wrapper.application; includeInIndex = 0; path = PageViewControllerBug.app; sourceTree = BUILT_PRODUCTS_DIR; };
		4E1C274C23FAF64300B3425E /* AppDelegate.swift */ = {isa = PBXFileReference; lastKnownFileType = sourcecode.swift; path = AppDelegate.swift; sourceTree = "<group>"; };
		4E1C274E23FAF64300B3425E /* SceneDelegate.swift */ = {isa = PBXFileReference; lastKnownFileType = sourcecode.swift; path = SceneDelegate.swift; sourceTree = "<group>"; };
		4E1C275023FAF64300B3425E /* RootViewController.swift */ = {isa = PBXFileReference; lastKnownFileType = sourcecode.swift; path = RootViewController.swift; sourceTree = "<group>"; };
		4E1C275523FAF64500B3425E /* Assets.xcassets */ = {isa = PBXFileReference; lastKnownFileType = folder.assetcatalog; path = Assets.xcassets; sourceTree = "<group>"; };
		4E1C275823FAF64500B3425E /* Base */ = {isa = PBXFileReference; lastKnownFileType = file.storyboard; name = Base; path = Base.lproj/LaunchScreen.storyboard; sourceTree = "<group>"; };
		4E1C275A23FAF64500B3425E /* Info.plist */ = {isa = PBXFileReference; lastKnownFileType = text.plist.xml; path = Info.plist; sourceTree = "<group>"; };
		4E1C276023FB02A200B3425E /* UIViewController+Embeding.swift */ = {isa = PBXFileReference; lastKnownFileType = sourcecode.swift; path = "UIViewController+Embeding.swift"; sourceTree = "<group>"; };
		4E1C276223FB02C500B3425E /* PageController.swift */ = {isa = PBXFileReference; lastKnownFileType = sourcecode.swift; path = PageController.swift; sourceTree = "<group>"; };
/* End PBXFileReference section */

/* Begin PBXFrameworksBuildPhase section */
		4E1C274623FAF64300B3425E /* Frameworks */ = {
			isa = PBXFrameworksBuildPhase;
			buildActionMask = 2147483647;
			files = (
			);
			runOnlyForDeploymentPostprocessing = 0;
		};
/* End PBXFrameworksBuildPhase section */

/* Begin PBXGroup section */
		4E1C274023FAF64300B3425E = {
			isa = PBXGroup;
			children = (
				4E1C274B23FAF64300B3425E /* PageViewControllerBug */,
				4E1C274A23FAF64300B3425E /* Products */,
			);
			sourceTree = "<group>";
		};
		4E1C274A23FAF64300B3425E /* Products */ = {
			isa = PBXGroup;
			children = (
				4E1C274923FAF64300B3425E /* PageViewControllerBug.app */,
			);
			name = Products;
			sourceTree = "<group>";
		};
		4E1C274B23FAF64300B3425E /* PageViewControllerBug */ = {
			isa = PBXGroup;
			children = (
				4E1C274C23FAF64300B3425E /* AppDelegate.swift */,
				4E1C275523FAF64500B3425E /* Assets.xcassets */,
				4E1C275A23FAF64500B3425E /* Info.plist */,
				4E1C275723FAF64500B3425E /* LaunchScreen.storyboard */,
				4E1C276223FB02C500B3425E /* PageController.swift */,
				4E1C274E23FAF64300B3425E /* SceneDelegate.swift */,
				4E1C276023FB02A200B3425E /* UIViewController+Embeding.swift */,
				4E1C275023FAF64300B3425E /* RootViewController.swift */,
			);
			path = PageViewControllerBug;
			sourceTree = "<group>";
		};
/* End PBXGroup section */

/* Begin PBXNativeTarget section */
		4E1C274823FAF64300B3425E /* PageViewControllerBug */ = {
			isa = PBXNativeTarget;
			buildConfigurationList = 4E1C275D23FAF64500B3425E /* Build configuration list for PBXNativeTarget "PageViewControllerBug" */;
			buildPhases = (
				4E1C274523FAF64300B3425E /* Sources */,
				4E1C274623FAF64300B3425E /* Frameworks */,
				4E1C274723FAF64300B3425E /* Resources */,
			);
			buildRules = (
			);
			dependencies = (
			);
			name = PageViewControllerBug;
			productName = PageViewControllerBug;
			productReference = 4E1C274923FAF64300B3425E /* PageViewControllerBug.app */;
			productType = "com.apple.product-type.application";
		};
/* End PBXNativeTarget section */

/* Begin PBXProject section */
		4E1C274123FAF64300B3425E /* Project object */ = {
			isa = PBXProject;
			attributes = {
				LastSwiftUpdateCheck = 1120;
				LastUpgradeCheck = 1120;
				ORGANIZATIONNAME = "Mateusz Szklarek";
				TargetAttributes = {
					4E1C274823FAF64300B3425E = {
						CreatedOnToolsVersion = 11.2.1;
					};
				};
			};
			buildConfigurationList = 4E1C274423FAF64300B3425E /* Build configuration list for PBXProject "PageViewControllerBug" */;
			compatibilityVersion = "Xcode 9.3";
			developmentRegion = en;
			hasScannedForEncodings = 0;
			knownRegions = (
				en,
				Base,
			);
			mainGroup = 4E1C274023FAF64300B3425E;
			productRefGroup = 4E1C274A23FAF64300B3425E /* Products */;
			projectDirPath = "";
			projectRoot = "";
			targets = (
				4E1C274823FAF64300B3425E /* PageViewControllerBug */,
			);
		};
/* End PBXProject section */

/* Begin PBXResourcesBuildPhase section */
		4E1C274723FAF64300B3425E /* Resources */ = {
			isa = PBXResourcesBuildPhase;
			buildActionMask = 2147483647;
			files = (
				4E1C275923FAF64500B3425E /* LaunchScreen.storyboard in Resources */,
				4E1C275623FAF64500B3425E /* Assets.xcassets in Resources */,
			);
			runOnlyForDeploymentPostprocessing = 0;
		};
/* End PBXResourcesBuildPhase section */

/* Begin PBXSourcesBuildPhase section */
		4E1C274523FAF64300B3425E /* Sources */ = {
			isa = PBXSourcesBuildPhase;
			buildActionMask = 2147483647;
			files = (
				4E1C275123FAF64300B3425E /* RootViewController.swift in Sources */,
				4E1C276123FB02A200B3425E /* UIViewController+Embeding.swift in Sources */,
				4E1C274D23FAF64300B3425E /* AppDelegate.swift in Sources */,
				4E1C274F23FAF64300B3425E /* SceneDelegate.swift in Sources */,
				4E1C276323FB02C500B3425E /* PageController.swift in Sources */,
			);
			runOnlyForDeploymentPostprocessing = 0;
		};
/* End PBXSourcesBuildPhase section */

/* Begin PBXVariantGroup section */
		4E1C275723FAF64500B3425E /* LaunchScreen.storyboard */ = {
			isa = PBXVariantGroup;
			children = (
				4E1C275823FAF64500B3425E /* Base */,
			);
			name = LaunchScreen.storyboard;
			sourceTree = "<group>";
		};
/* End PBXVariantGroup section */

/* Begin XCBuildConfiguration section */
		4E1C275B23FAF64500B3425E /* Debug */ = {
			isa = XCBuildConfiguration;
			buildSettings = {
				ALWAYS_SEARCH_USER_PATHS = NO;
				CLANG_ANALYZER_NONNULL = YES;
				CLANG_ANALYZER_NUMBER_OBJECT_CONVERSION = YES_AGGRESSIVE;
				CLANG_CXX_LANGUAGE_STANDARD = "gnu++14";
				CLANG_CXX_LIBRARY = "libc++";
				CLANG_ENABLE_MODULES = YES;
				CLANG_ENABLE_OBJC_ARC = YES;
				CLANG_ENABLE_OBJC_WEAK = YES;
				CLANG_WARN_BLOCK_CAPTURE_AUTORELEASING = YES;
				CLANG_WARN_BOOL_CONVERSION = YES;
				CLANG_WARN_COMMA = YES;
				CLANG_WARN_CONSTANT_CONVERSION = YES;
				CLANG_WARN_DEPRECATED_OBJC_IMPLEMENTATIONS = YES;
				CLANG_WARN_DIRECT_OBJC_ISA_USAGE = YES_ERROR;
				CLANG_WARN_DOCUMENTATION_COMMENTS = YES;
				CLANG_WARN_EMPTY_BODY = YES;
				CLANG_WARN_ENUM_CONVERSION = YES;
				CLANG_WARN_INFINITE_RECURSION = YES;
				CLANG_WARN_INT_CONVERSION = YES;
				CLANG_WARN_NON_LITERAL_NULL_CONVERSION = YES;
				CLANG_WARN_OBJC_IMPLICIT_RETAIN_SELF = YES;
				CLANG_WARN_OBJC_LITERAL_CONVERSION = YES;
				CLANG_WARN_OBJC_ROOT_CLASS = YES_ERROR;
				CLANG_WARN_RANGE_LOOP_ANALYSIS = YES;
				CLANG_WARN_STRICT_PROTOTYPES = YES;
				CLANG_WARN_SUSPICIOUS_MOVE = YES;
				CLANG_WARN_UNGUARDED_AVAILABILITY = YES_AGGRESSIVE;
				CLANG_WARN_UNREACHABLE_CODE = YES;
				CLANG_WARN__DUPLICATE_METHOD_MATCH = YES;
				COPY_PHASE_STRIP = NO;
				DEBUG_INFORMATION_FORMAT = dwarf;
				ENABLE_STRICT_OBJC_MSGSEND = YES;
				ENABLE_TESTABILITY = YES;
				GCC_C_LANGUAGE_STANDARD = gnu11;
				GCC_DYNAMIC_NO_PIC = NO;
				GCC_NO_COMMON_BLOCKS = YES;
				GCC_OPTIMIZATION_LEVEL = 0;
				GCC_PREPROCESSOR_DEFINITIONS = (
					"DEBUG=1",
					"$(inherited)",
				);
				GCC_WARN_64_TO_32_BIT_CONVERSION = YES;
				GCC_WARN_ABOUT_RETURN_TYPE = YES_ERROR;
				GCC_WARN_UNDECLARED_SELECTOR = YES;
				GCC_WARN_UNINITIALIZED_AUTOS = YES_AGGRESSIVE;
				GCC_WARN_UNUSED_FUNCTION = YES;
				GCC_WARN_UNUSED_VARIABLE = YES;
				IPHONEOS_DEPLOYMENT_TARGET = 13.2;
				MTL_ENABLE_DEBUG_INFO = INCLUDE_SOURCE;
				MTL_FAST_MATH = YES;
				ONLY_ACTIVE_ARCH = YES;
				SDKROOT = iphoneos;
				SWIFT_ACTIVE_COMPILATION_CONDITIONS = DEBUG;
				SWIFT_OPTIMIZATION_LEVEL = "-Onone";
			};
			name = Debug;
		};
		4E1C275C23FAF64500B3425E /* Release */ = {
			isa = XCBuildConfiguration;
			buildSettings = {
				ALWAYS_SEARCH_USER_PATHS = NO;
				CLANG_ANALYZER_NONNULL = YES;
				CLANG_ANALYZER_NUMBER_OBJECT_CONVERSION = YES_AGGRESSIVE;
				CLANG_CXX_LANGUAGE_STANDARD = "gnu++14";
				CLANG_CXX_LIBRARY = "libc++";
				CLANG_ENABLE_MODULES = YES;
				CLANG_ENABLE_OBJC_ARC = YES;
				CLANG_ENABLE_OBJC_WEAK = YES;
				CLANG_WARN_BLOCK_CAPTURE_AUTORELEASING = YES;
				CLANG_WARN_BOOL_CONVERSION = YES;
				CLANG_WARN_COMMA = YES;
				CLANG_WARN_CONSTANT_CONVERSION = YES;
				CLANG_WARN_DEPRECATED_OBJC_IMPLEMENTATIONS = YES;
				CLANG_WARN_DIRECT_OBJC_ISA_USAGE = YES_ERROR;
				CLANG_WARN_DOCUMENTATION_COMMENTS = YES;
				CLANG_WARN_EMPTY_BODY = YES;
				CLANG_WARN_ENUM_CONVERSION = YES;
				CLANG_WARN_INFINITE_RECURSION = YES;
				CLANG_WARN_INT_CONVERSION = YES;
				CLANG_WARN_NON_LITERAL_NULL_CONVERSION = YES;
				CLANG_WARN_OBJC_IMPLICIT_RETAIN_SELF = YES;
				CLANG_WARN_OBJC_LITERAL_CONVERSION = YES;
				CLANG_WARN_OBJC_ROOT_CLASS = YES_ERROR;
				CLANG_WARN_RANGE_LOOP_ANALYSIS = YES;
				CLANG_WARN_STRICT_PROTOTYPES = YES;
				CLANG_WARN_SUSPICIOUS_MOVE = YES;
				CLANG_WARN_UNGUARDED_AVAILABILITY = YES_AGGRESSIVE;
				CLANG_WARN_UNREACHABLE_CODE = YES;
				CLANG_WARN__DUPLICATE_METHOD_MATCH = YES;
				COPY_PHASE_STRIP = NO;
				DEBUG_INFORMATION_FORMAT = "dwarf-with-dsym";
				ENABLE_NS_ASSERTIONS = NO;
				ENABLE_STRICT_OBJC_MSGSEND = YES;
				GCC_C_LANGUAGE_STANDARD = gnu11;
				GCC_NO_COMMON_BLOCKS = YES;
				GCC_WARN_64_TO_32_BIT_CONVERSION = YES;
				GCC_WARN_ABOUT_RETURN_TYPE = YES_ERROR;
				GCC_WARN_UNDECLARED_SELECTOR = YES;
				GCC_WARN_UNINITIALIZED_AUTOS = YES_AGGRESSIVE;
				GCC_WARN_UNUSED_FUNCTION = YES;
				GCC_WARN_UNUSED_VARIABLE = YES;
				IPHONEOS_DEPLOYMENT_TARGET = 13.2;
				MTL_ENABLE_DEBUG_INFO = NO;
				MTL_FAST_MATH = YES;
				SDKROOT = iphoneos;
				SWIFT_COMPILATION_MODE = wholemodule;
				SWIFT_OPTIMIZATION_LEVEL = "-O";
				VALIDATE_PRODUCT = YES;
			};
			name = Release;
		};
		4E1C275E23FAF64500B3425E /* Debug */ = {
			isa = XCBuildConfiguration;
			buildSettings = {
				ASSETCATALOG_COMPILER_APPICON_NAME = AppIcon;
				CODE_SIGN_STYLE = Automatic;
				DEVELOPMENT_TEAM = 4763GK25P8;
				INFOPLIST_FILE = PageViewControllerBug/Info.plist;
				LD_RUNPATH_SEARCH_PATHS = (
					"$(inherited)",
					"@executable_path/Frameworks",
				);
				PRODUCT_BUNDLE_IDENTIFIER = mateuszszklarek.PageViewControllerBug;
				PRODUCT_NAME = "$(TARGET_NAME)";
				SWIFT_VERSION = 5.0;
				TARGETED_DEVICE_FAMILY = "1,2";
			};
			name = Debug;
		};
		4E1C275F23FAF64500B3425E /* Release */ = {
			isa = XCBuildConfiguration;
			buildSettings = {
				ASSETCATALOG_COMPILER_APPICON_NAME = AppIcon;
				CODE_SIGN_STYLE = Automatic;
				DEVELOPMENT_TEAM = 4763GK25P8;
				INFOPLIST_FILE = PageViewControllerBug/Info.plist;
				LD_RUNPATH_SEARCH_PATHS = (
					"$(inherited)",
					"@executable_path/Frameworks",
				);
				PRODUCT_BUNDLE_IDENTIFIER = mateuszszklarek.PageViewControllerBug;
				PRODUCT_NAME = "$(TARGET_NAME)";
				SWIFT_VERSION = 5.0;
				TARGETED_DEVICE_FAMILY = "1,2";
			};
			name = Release;
		};
/* End XCBuildConfiguration section */

/* Begin XCConfigurationList section */
		4E1C274423FAF64300B3425E /* Build configuration list for PBXProject "PageViewControllerBug" */ = {
			isa = XCConfigurationList;
			buildConfigurations = (
				4E1C275B23FAF64500B3425E /* Debug */,
				4E1C275C23FAF64500B3425E /* Release */,
			);
			defaultConfigurationIsVisible = 0;
			defaultConfigurationName = Release;
		};
		4E1C275D23FAF64500B3425E /* Build configuration list for PBXNativeTarget "PageViewControllerBug" */ = {
			isa = XCConfigurationList;
			buildConfigurations = (
				4E1C275E23FAF64500B3425E /* Debug */,
				4E1C275F23FAF64500B3425E /* Release */,
			);
			defaultConfigurationIsVisible = 0;
			defaultConfigurationName = Release;
		};
/* End XCConfigurationList section */
	};
	rootObject = 4E1C274123FAF64300B3425E /* Project object */;
}
